
Microsoft Visual Studio Solution File, Format Version 12.00
# Visual Studio Version 16
VisualStudioVersion = 16.0.30907.101
MinimumVisualStudioVersion = 10.0.40219.1
Project("{9A19103F-16F7-4668-BE54-9A1E7A4F7556}") = "Review_HW1", "Exam1_Practicing\Review_HW1.csproj", "{14DCEFFA-13EE-4DF1-B464-71284274B372}"
EndProject
Project("{9A19103F-16F7-4668-BE54-9A1E7A4F7556}") = "Practice_Directory", "Practice_Directory\Practice_Directory.csproj", "{5703C52E-A368-4D91-B801-789A04D432DD}"
EndProject
Project("{FAE04EC0-301F-11D3-BF4B-00C04F79EFBC}") = "PracticeHW_GraduationHandout", "PracticeHW_GraduationHandout\PracticeHW_GraduationHandout.csproj", "{5175B4F3-D72C-4E8B-B2D9-B8537848F076}"
EndProject
Project("{FAE04EC0-301F-11D3-BF4B-00C04F79EFBC}") = "Practice_HW2FulFillData", "Practice_HW2FulFillData\Practice_HW2FulFillData.csproj", "{53021FDF-A684-4C55-8766-946024DDE425}"
EndProject
Project("{FAE04EC0-301F-11D3-BF4B-00C04F79EFBC}") = "Practice_HW3", "Practice_HW3\Practice_HW3.csproj", "{E50FA2A6-8204-4B6A-B261-DD01BBBC4A25}"
EndProject
Global
	GlobalSection(SolutionConfigurationPlatforms) = preSolution
		Debug|Any CPU = Debug|Any CPU
		Release|Any CPU = Release|Any CPU
	EndGlobalSection
	GlobalSection(ProjectConfigurationPlatforms) = postSolution
		{14DCEFFA-13EE-4DF1-B464-71284274B372}.Debug|Any CPU.ActiveCfg = Debug|Any CPU
		{14DCEFFA-13EE-4DF1-B464-71284274B372}.Debug|Any CPU.Build.0 = Debug|Any CPU
		{14DCEFFA-13EE-4DF1-B464-71284274B372}.Release|Any CPU.ActiveCfg = Release|Any CPU
		{14DCEFFA-13EE-4DF1-B464-71284274B372}.Release|Any CPU.Build.0 = Release|Any CPU
		{5703C52E-A368-4D91-B801-789A04D432DD}.Debug|Any CPU.ActiveCfg = Debug|Any CPU
		{5703C52E-A368-4D91-B801-789A04D432DD}.Debug|Any CPU.Build.0 = Debug|Any CPU
		{5703C52E-A368-4D91-B801-789A04D432DD}.Release|Any CPU.ActiveCfg = Release|Any CPU
		{5703C52E-A368-4D91-B801-789A04D432DD}.Release|Any CPU.Build.0 = Release|Any CPU
		{5175B4F3-D72C-4E8B-B2D9-B8537848F076}.Debug|Any CPU.ActiveCfg = Debug|Any CPU
		{5175B4F3-D72C-4E8B-B2D9-B8537848F076}.Debug|Any CPU.Build.0 = Debug|Any CPU
		{5175B4F3-D72C-4E8B-B2D9-B8537848F076}.Release|Any CPU.ActiveCfg = Release|Any CPU
		{5175B4F3-D72C-4E8B-B2D9-B8537848F076}.Release|Any CPU.Build.0 = Release|Any CPU
		{53021FDF-A684-4C55-8766-946024DDE425}.Debug|Any CPU.ActiveCfg = Debug|Any CPU
		{53021FDF-A684-4C55-8766-946024DDE425}.Debug|Any CPU.Build.0 = Debug|Any CPU
		{53021FDF-A684-4C55-8766-946024DDE425}.Release|Any CPU.ActiveCfg = Release|Any CPU
		{53021FDF-A684-4C55-8766-946024DDE425}.Release|Any CPU.Build.0 = Release|Any CPU
		{E50FA2A6-8204-4B6A-B261-DD01BBBC4A25}.Debug|Any CPU.ActiveCfg = Debug|Any CPU
		{E50FA2A6-8204-4B6A-B261-DD01BBBC4A25}.Debug|Any CPU.Build.0 = Debug|Any CPU
		{E50FA2A6-8204-4B6A-B261-DD01BBBC4A25}.Release|Any CPU.ActiveCfg = Release|Any CPU
		{E50FA2A6-8204-4B6A-B261-DD01BBBC4A25}.Release|Any CPU.Build.0 = Release|Any CPU
	EndGlobalSection
	GlobalSection(SolutionProperties) = preSolution
		HideSolutionNode = FALSE
	EndGlobalSection
	GlobalSection(ExtensibilityGlobals) = postSolution
		SolutionGuid = {C55773DB-9D2D-4CA6-85ED-03F6D6766F38}
	EndGlobalSection
EndGlobal
