
Microsoft Visual Studio Solution File, Format Version 12.00
# Visual Studio Version 16
VisualStudioVersion = 16.0.30907.101
MinimumVisualStudioVersion = 10.0.40219.1
Project("{9A19103F-16F7-4668-BE54-9A1E7A4F7556}") = "WPFClasses", "WPFClasses\WPFClasses.csproj", "{C825D157-E56D-415C-BE5C-5866E0690C2C}"
EndProject
Project("{9A19103F-16F7-4668-BE54-9A1E7A4F7556}") = "P_Pokemon", "P_Pokemon\P_Pokemon.csproj", "{7B7D2676-452D-420C-8835-3B9433EB200E}"
EndProject
Project("{FAE04EC0-301F-11D3-BF4B-00C04F79EFBC}") = "P_ChuckNorrisJokes", "P_ChuckNorrisJokes\P_ChuckNorrisJokes.csproj", "{72157EF5-139A-4B3B-86AD-0F453E204622}"
EndProject
Global
	GlobalSection(SolutionConfigurationPlatforms) = preSolution
		Debug|Any CPU = Debug|Any CPU
		Release|Any CPU = Release|Any CPU
	EndGlobalSection
	GlobalSection(ProjectConfigurationPlatforms) = postSolution
		{C825D157-E56D-415C-BE5C-5866E0690C2C}.Debug|Any CPU.ActiveCfg = Debug|Any CPU
		{C825D157-E56D-415C-BE5C-5866E0690C2C}.Debug|Any CPU.Build.0 = Debug|Any CPU
		{C825D157-E56D-415C-BE5C-5866E0690C2C}.Release|Any CPU.ActiveCfg = Release|Any CPU
		{C825D157-E56D-415C-BE5C-5866E0690C2C}.Release|Any CPU.Build.0 = Release|Any CPU
		{7B7D2676-452D-420C-8835-3B9433EB200E}.Debug|Any CPU.ActiveCfg = Debug|Any CPU
		{7B7D2676-452D-420C-8835-3B9433EB200E}.Debug|Any CPU.Build.0 = Debug|Any CPU
		{7B7D2676-452D-420C-8835-3B9433EB200E}.Release|Any CPU.ActiveCfg = Release|Any CPU
		{7B7D2676-452D-420C-8835-3B9433EB200E}.Release|Any CPU.Build.0 = Release|Any CPU
		{72157EF5-139A-4B3B-86AD-0F453E204622}.Debug|Any CPU.ActiveCfg = Debug|Any CPU
		{72157EF5-139A-4B3B-86AD-0F453E204622}.Debug|Any CPU.Build.0 = Debug|Any CPU
		{72157EF5-139A-4B3B-86AD-0F453E204622}.Release|Any CPU.ActiveCfg = Release|Any CPU
		{72157EF5-139A-4B3B-86AD-0F453E204622}.Release|Any CPU.Build.0 = Release|Any CPU
	EndGlobalSection
	GlobalSection(SolutionProperties) = preSolution
		HideSolutionNode = FALSE
	EndGlobalSection
	GlobalSection(ExtensibilityGlobals) = postSolution
		SolutionGuid = {501C9B3B-C5C8-42DF-9C9D-D05EEBAF7028}
	EndGlobalSection
EndGlobal
