
Microsoft Visual Studio Solution File, Format Version 12.00
# Visual Studio Version 16
VisualStudioVersion = 16.0.30907.101
MinimumVisualStudioVersion = 10.0.40219.1
Project("{FAE04EC0-301F-11D3-BF4B-00C04F79EFBC}") = "Student", "Student\Student.csproj", "{07CABF5C-F2AE-4D6F-A855-17D2E0972B8F}"
EndProject
Global
	GlobalSection(SolutionConfigurationPlatforms) = preSolution
		Debug|Any CPU = Debug|Any CPU
		Release|Any CPU = Release|Any CPU
	EndGlobalSection
	GlobalSection(ProjectConfigurationPlatforms) = postSolution
		{07CABF5C-F2AE-4D6F-A855-17D2E0972B8F}.Debug|Any CPU.ActiveCfg = Debug|Any CPU
		{07CABF5C-F2AE-4D6F-A855-17D2E0972B8F}.Debug|Any CPU.Build.0 = Debug|Any CPU
		{07CABF5C-F2AE-4D6F-A855-17D2E0972B8F}.Release|Any CPU.ActiveCfg = Release|Any CPU
		{07CABF5C-F2AE-4D6F-A855-17D2E0972B8F}.Release|Any CPU.Build.0 = Release|Any CPU
	EndGlobalSection
	GlobalSection(SolutionProperties) = preSolution
		HideSolutionNode = FALSE
	EndGlobalSection
	GlobalSection(ExtensibilityGlobals) = postSolution
		SolutionGuid = {E3CFF41E-C5B1-443E-98D7-E62B5A8A73F3}
	EndGlobalSection
EndGlobal
